<?xml version="1.0" encoding="utf-8"?>
<Project ToolsVersion="4.0" xmlns="http://schemas.microsoft.com/developer/msbuild/2003">
  <ItemGroup>
    <Filter Include="Source Files">
      <UniqueIdentifier>{4FC737F1-C7A5-4376-A066-2A32D752A2FF}</UniqueIdentifier>
      <Extensions>cpp;c;cc;cxx;def;odl;idl;hpj;bat;asm;asmx</Extensions>
    </Filter>
    <Filter Include="Header Files">
      <UniqueIdentifier>{93995380-89BD-4b04-88EB-625FBE52EBFB}</UniqueIdentifier>
      <Extensions>h;hh;hpp;hxx;hm;inl;inc;ipp;xsd</Extensions>
    </Filter>
    <Filter Include="Resource Files">
      <UniqueIdentifier>{67DA6AB6-F800-4c08-8B7A-83BB121AAD01}</UniqueIdentifier>
      <Extensions>rc;ico;cur;bmp;dlg;rc2;rct;bin;rgs;gif;jpg;jpeg;jpe;resx;tiff;tif;png;wav;mfcribbon-ms</Extensions>
    </Filter>
    <Filter Include="Source Files\shaders">
      <UniqueIdentifier>{06b856a7-a77e-4216-a631-90eb6cd74158}</UniqueIdentifier>
    </Filter>
    <Filter Include="Source Files\shaders\spv">
      <UniqueIdentifier>{8eda30a0-e6fa-40fa-a5ef-39bf9bfb72c9}</UniqueIdentifier>
    </Filter>
    <Filter Include="Source Files\shaders\shaders">
      <UniqueIdentifier>{5c7e9b39-40ea-413d-8a76-fa094b1ee7b9}</UniqueIdentifier>
    </Filter>
  </ItemGroup>
  <ItemGroup>
    <ClCompile Include="Source.cpp">
      <Filter>Source Files</Filter>
    </ClCompile>
  </ItemGroup>
  <ItemGroup>
    <ClInclude Include="initialiser.h">
      <Filter>Source Files</Filter>
    </ClInclude>
    <ClInclude Include="Header.h">
      <Filter>Source Files</Filter>
    </ClInclude>
    <ClInclude Include="instance.h">
      <Filter>Source Files</Filter>
    </ClInclude>
    <ClInclude Include="physicaldevice.h">
      <Filter>Source Files</Filter>
    </ClInclude>
    <ClInclude Include="queuefamily.h">
      <Filter>Source Files</Filter>
    </ClInclude>
    <ClInclude Include="device.h">
      <Filter>Source Files</Filter>
    </ClInclude>
    <ClInclude Include="defines.h">
      <Filter>Source Files</Filter>
    </ClInclude>
    <ClInclude Include="window.h">
      <Filter>Source Files</Filter>
    </ClInclude>
    <ClInclude Include="windowsurface.h">
      <Filter>Source Files</Filter>
    </ClInclude>
    <ClInclude Include="swapchain.h">
      <Filter>Source Files</Filter>
    </ClInclude>
    <ClInclude Include="shaders.h">
      <Filter>Source Files</Filter>
    </ClInclude>
    <ClInclude Include="pipeline.h">
      <Filter>Source Files</Filter>
    </ClInclude>
    <ClInclude Include="renderpass.h">
      <Filter>Source Files</Filter>
    </ClInclude>
    <ClInclude Include="readfile.h">
      <Filter>Header Files</Filter>
    </ClInclude>
    <ClInclude Include="framebuffer.h">
      <Filter>Source Files</Filter>
    </ClInclude>
    <ClInclude Include="draw.h">
      <Filter>Source Files</Filter>
    </ClInclude>
    <ClInclude Include="semaphores.h">
      <Filter>Source Files</Filter>
    </ClInclude>
    <ClInclude Include="buffers.h">
      <Filter>Source Files</Filter>
    </ClInclude>
    <ClInclude Include="descriptors.h">
      <Filter>Source Files</Filter>
    </ClInclude>
  </ItemGroup>
  <ItemGroup>
    <None Include="shader.frag">
      <Filter>Source Files\shaders\shaders</Filter>
    </None>
    <None Include="shader.vert">
      <Filter>Source Files\shaders\shaders</Filter>
    </None>
    <None Include="vert.spv">
      <Filter>Source Files\shaders\spv</Filter>
    </None>
    <None Include="frag.spv">
      <Filter>Source Files\shaders\spv</Filter>
    </None>
  </ItemGroup>
</Project>